{
  "grammars": [
    {
      "name": "bash",
      "version": "0.25.1",
      "wasm": "sha256:8292919c88a0f7d3fb31d0cd0253ca5a9531bc1ede82b0537f2c63dd8abe6a7a"
    },
    {
      "name": "c",
      "version": "0.24.2",
      "wasm": "sha256:83e8d7902b9d7f8c7c5cd4bd9acb5c7eb5faf42c09f85546b183964d3b5f48f9"
    },
    {
      "name": "css",
      "version": "0.25.0",
      "wasm": "sha256:8a23977fe271357cce6f254ef88c9bebf3854602d8046605aef6a45c02135c59"
    },
    {
      "name": "html",
      "version": "0.23.2",
      "wasm": "sha256:c48fcd82c7ea8bf943180088ba7f28c48b2bb5287874179168bf9d31e394cf85"
    },
    {
      "name": "javascript",
      "version": "0.25.0",
      "wasm": "sha256:5fb488d0cabb4775a594bab85682de5ad6ce83c0d6ac997a9f82dd084d571240"
    },
    {
      "name": "json",
      "version": "0.24.8",
      "wasm": "sha256:d2119fb98d5912719b13f9458574f8608d2d29dfbe45f6be1f860ea1fe2a2405"
    },
    {
      "name": "rust",
      "version": "0.24.2",
      "wasm": "sha256:24c89bd9252255e4aebbcbd7d2d308bd92c86dd95a130fdc80efa49577b8d738"
    },
    {
      "name": "typescript",
      "version": "0.23.2",
      "wasm": "sha256:778025db5a8be0e70f8ccc3671e486dfeddd048c25d9e8a70c26de2e1bf6f97d"
    }
  ],
  "version": 1
}
